
Microsoft Visual Studio Solution File, Format Version 12.00
# Visual Studio Version 16
VisualStudioVersion = 25.0.1703.5
MinimumVisualStudioVersion = 10.0.40219.1
Project("{FAE04EC0-301F-11D3-BF4B-00C04F79EFBC}") = "HiAnalyticsDemo.Android", "HiAnalyticsDemo\HiAnalyticsDemo.Android\HiAnalyticsDemo.Android.csproj", "{920CB2F1-2AEB-4BA8-83BD-07DB05273891}"
EndProject
Project("{FAE04EC0-301F-11D3-BF4B-00C04F79EFBC}") = "HiAnalyticsDemo.iOS", "HiAnalyticsDemo\HiAnalyticsDemo.iOS\HiAnalyticsDemo.iOS.csproj", "{07BF1903-A900-4A07-92D6-C3484782B53A}"
EndProject
Project("{FAE04EC0-301F-11D3-BF4B-00C04F79EFBC}") = "HiAnalyticsDemo", "HiAnalyticsDemo\HiAnalyticsDemo\HiAnalyticsDemo.csproj", "{0B27EE83-1BCA-43DF-80A2-4E07825031C0}"
EndProject
Project("{FAE04EC0-301F-11D3-BF4B-00C04F79EFBC}") = "Triton.Android", "Triton.Android\Triton.Android.csproj", "{9B4044AF-48CD-4EDA-B502-1CE597CAA21E}"
EndProject
Global
	GlobalSection(SolutionConfigurationPlatforms) = preSolution
		Debug|Any CPU = Debug|Any CPU
		Release|Any CPU = Release|Any CPU
		Debug|iPhoneSimulator = Debug|iPhoneSimulator
		Release|iPhoneSimulator = Release|iPhoneSimulator
		Debug|iPhone = Debug|iPhone
		Release|iPhone = Release|iPhone
	EndGlobalSection
	GlobalSection(ProjectConfigurationPlatforms) = postSolution
		{920CB2F1-2AEB-4BA8-83BD-07DB05273891}.Debug|Any CPU.ActiveCfg = Debug|Any CPU
		{920CB2F1-2AEB-4BA8-83BD-07DB05273891}.Debug|Any CPU.Build.0 = Debug|Any CPU
		{920CB2F1-2AEB-4BA8-83BD-07DB05273891}.Release|Any CPU.ActiveCfg = Release|Any CPU
		{920CB2F1-2AEB-4BA8-83BD-07DB05273891}.Release|Any CPU.Build.0 = Release|Any CPU
		{920CB2F1-2AEB-4BA8-83BD-07DB05273891}.Debug|iPhoneSimulator.ActiveCfg = Debug|Any CPU
		{920CB2F1-2AEB-4BA8-83BD-07DB05273891}.Debug|iPhoneSimulator.Build.0 = Debug|Any CPU
		{920CB2F1-2AEB-4BA8-83BD-07DB05273891}.Release|iPhoneSimulator.ActiveCfg = Release|Any CPU
		{920CB2F1-2AEB-4BA8-83BD-07DB05273891}.Release|iPhoneSimulator.Build.0 = Release|Any CPU
		{920CB2F1-2AEB-4BA8-83BD-07DB05273891}.Debug|iPhone.ActiveCfg = Debug|Any CPU
		{920CB2F1-2AEB-4BA8-83BD-07DB05273891}.Debug|iPhone.Build.0 = Debug|Any CPU
		{920CB2F1-2AEB-4BA8-83BD-07DB05273891}.Release|iPhone.ActiveCfg = Release|Any CPU
		{920CB2F1-2AEB-4BA8-83BD-07DB05273891}.Release|iPhone.Build.0 = Release|Any CPU
		{07BF1903-A900-4A07-92D6-C3484782B53A}.Debug|Any CPU.ActiveCfg = Debug|iPhoneSimulator
		{07BF1903-A900-4A07-92D6-C3484782B53A}.Debug|Any CPU.Build.0 = Debug|iPhoneSimulator
		{07BF1903-A900-4A07-92D6-C3484782B53A}.Release|Any CPU.ActiveCfg = Release|iPhoneSimulator
		{07BF1903-A900-4A07-92D6-C3484782B53A}.Release|Any CPU.Build.0 = Release|iPhoneSimulator
		{07BF1903-A900-4A07-92D6-C3484782B53A}.Debug|iPhoneSimulator.ActiveCfg = Debug|iPhoneSimulator
		{07BF1903-A900-4A07-92D6-C3484782B53A}.Debug|iPhoneSimulator.Build.0 = Debug|iPhoneSimulator
		{07BF1903-A900-4A07-92D6-C3484782B53A}.Release|iPhoneSimulator.ActiveCfg = Release|iPhoneSimulator
		{07BF1903-A900-4A07-92D6-C3484782B53A}.Release|iPhoneSimulator.Build.0 = Release|iPhoneSimulator
		{07BF1903-A900-4A07-92D6-C3484782B53A}.Debug|iPhone.ActiveCfg = Debug|iPhone
		{07BF1903-A900-4A07-92D6-C3484782B53A}.Debug|iPhone.Build.0 = Debug|iPhone
		{07BF1903-A900-4A07-92D6-C3484782B53A}.Release|iPhone.ActiveCfg = Release|iPhone
		{07BF1903-A900-4A07-92D6-C3484782B53A}.Release|iPhone.Build.0 = Release|iPhone
		{0B27EE83-1BCA-43DF-80A2-4E07825031C0}.Debug|Any CPU.ActiveCfg = Debug|Any CPU
		{0B27EE83-1BCA-43DF-80A2-4E07825031C0}.Debug|Any CPU.Build.0 = Debug|Any CPU
		{0B27EE83-1BCA-43DF-80A2-4E07825031C0}.Release|Any CPU.ActiveCfg = Release|Any CPU
		{0B27EE83-1BCA-43DF-80A2-4E07825031C0}.Release|Any CPU.Build.0 = Release|Any CPU
		{0B27EE83-1BCA-43DF-80A2-4E07825031C0}.Debug|iPhoneSimulator.ActiveCfg = Debug|Any CPU
		{0B27EE83-1BCA-43DF-80A2-4E07825031C0}.Debug|iPhoneSimulator.Build.0 = Debug|Any CPU
		{0B27EE83-1BCA-43DF-80A2-4E07825031C0}.Release|iPhoneSimulator.ActiveCfg = Release|Any CPU
		{0B27EE83-1BCA-43DF-80A2-4E07825031C0}.Release|iPhoneSimulator.Build.0 = Release|Any CPU
		{0B27EE83-1BCA-43DF-80A2-4E07825031C0}.Debug|iPhone.ActiveCfg = Debug|Any CPU
		{0B27EE83-1BCA-43DF-80A2-4E07825031C0}.Debug|iPhone.Build.0 = Debug|Any CPU
		{0B27EE83-1BCA-43DF-80A2-4E07825031C0}.Release|iPhone.ActiveCfg = Release|Any CPU
		{0B27EE83-1BCA-43DF-80A2-4E07825031C0}.Release|iPhone.Build.0 = Release|Any CPU
		{9B4044AF-48CD-4EDA-B502-1CE597CAA21E}.Debug|Any CPU.ActiveCfg = Debug|Any CPU
		{9B4044AF-48CD-4EDA-B502-1CE597CAA21E}.Debug|Any CPU.Build.0 = Debug|Any CPU
		{9B4044AF-48CD-4EDA-B502-1CE597CAA21E}.Release|Any CPU.ActiveCfg = Release|Any CPU
		{9B4044AF-48CD-4EDA-B502-1CE597CAA21E}.Release|Any CPU.Build.0 = Release|Any CPU
		{9B4044AF-48CD-4EDA-B502-1CE597CAA21E}.Debug|iPhoneSimulator.ActiveCfg = Debug|Any CPU
		{9B4044AF-48CD-4EDA-B502-1CE597CAA21E}.Debug|iPhoneSimulator.Build.0 = Debug|Any CPU
		{9B4044AF-48CD-4EDA-B502-1CE597CAA21E}.Release|iPhoneSimulator.ActiveCfg = Release|Any CPU
		{9B4044AF-48CD-4EDA-B502-1CE597CAA21E}.Release|iPhoneSimulator.Build.0 = Release|Any CPU
		{9B4044AF-48CD-4EDA-B502-1CE597CAA21E}.Debug|iPhone.ActiveCfg = Debug|Any CPU
		{9B4044AF-48CD-4EDA-B502-1CE597CAA21E}.Debug|iPhone.Build.0 = Debug|Any CPU
		{9B4044AF-48CD-4EDA-B502-1CE597CAA21E}.Release|iPhone.ActiveCfg = Release|Any CPU
		{9B4044AF-48CD-4EDA-B502-1CE597CAA21E}.Release|iPhone.Build.0 = Release|Any CPU
	EndGlobalSection
	GlobalSection(SolutionProperties) = preSolution
		HideSolutionNode = FALSE
	EndGlobalSection
	GlobalSection(ExtensibilityGlobals) = postSolution
		SolutionGuid = {6322149B-EDE3-411B-890E-F856F0E5DB1E}
	EndGlobalSection
EndGlobal
